
Microsoft Visual Studio Solution File, Format Version 12.00
# Visual Studio Version 16
VisualStudioVersion = 16.0.30011.22
MinimumVisualStudioVersion = 10.0.40219.1
Project("{FAE04EC0-301F-11D3-BF4B-00C04F79EFBC}") = "HWP-backend", "HWP-backend\HWP-backend.csproj", "{2A95B042-F3F1-45D4-98C7-6AEEB7DF3BAC}"
EndProject
Global
	GlobalSection(SolutionConfigurationPlatforms) = preSolution
		Debug|Any CPU = Debug|Any CPU
		Release|Any CPU = Release|Any CPU
	EndGlobalSection
	GlobalSection(ProjectConfigurationPlatforms) = postSolution
		{2A95B042-F3F1-45D4-98C7-6AEEB7DF3BAC}.Debug|Any CPU.ActiveCfg = Debug|Any CPU
		{2A95B042-F3F1-45D4-98C7-6AEEB7DF3BAC}.Debug|Any CPU.Build.0 = Debug|Any CPU
		{2A95B042-F3F1-45D4-98C7-6AEEB7DF3BAC}.Release|Any CPU.ActiveCfg = Release|Any CPU
		{2A95B042-F3F1-45D4-98C7-6AEEB7DF3BAC}.Release|Any CPU.Build.0 = Release|Any CPU
	EndGlobalSection
	GlobalSection(SolutionProperties) = preSolution
		HideSolutionNode = FALSE
	EndGlobalSection
	GlobalSection(ExtensibilityGlobals) = postSolution
		SolutionGuid = {B295B112-2111-4883-A4F4-7DFA914F32DD}
	EndGlobalSection
EndGlobal
